{
  "name": "webtechwebsite",
  "version": "1.0.0",
  "lockfileVersion": 1,
  "requires": true,
  "dependencies": {
    "jquery": {
      "version": "3.3.1",
      "resolved": "https://registry.npmjs.org/jquery/-/jquery-3.3.1.tgz",
      "integrity": "sha512-Ubldcmxp5np52/ENotGxlLe6aGMvmF4R8S6tZjsP6Knsaxd/xp3Zrh50cG93lR6nPXyUFwzN3ZSOQI0wRJNdGg=="
    },
    "jquery-scrollify": {
      "version": "1.0.19",
      "resolved": "https://registry.npmjs.org/jquery-scrollify/-/jquery-scrollify-1.0.19.tgz",
      "integrity": "sha512-bPgTaiQd1JY/mjW8HxX9x3LOcCjjokl0umJ5ftFQB4i9ATSwkdeSLNYwZHzAOQZpMxSVgRzkOFKqL1xFlnvlyg==",
      "requires": {
        "jquery": "3.3.1"
      }
    }
  }
}
